
Microsoft Visual Studio Solution File, Format Version 12.00
# Visual Studio Version 16
VisualStudioVersion = 16.0.29326.143
MinimumVisualStudioVersion = 10.0.40219.1
Project("{FAE04EC0-301F-11D3-BF4B-00C04F79EFBC}") = "Go", "Go\Go.csproj", "{C268F06E-C950-4178-AD44-081AB12C0459}"
EndProject
Project("{9A19103F-16F7-4668-BE54-9A1E7A4F7556}") = "Go.DataAccess", "Go.DataAccess\Go.DataAccess.csproj", "{6F4EB704-DDFA-402C-9145-AE8A44076B38}"
EndProject
Project("{9A19103F-16F7-4668-BE54-9A1E7A4F7556}") = "Go.Common", "Go.Entinties\Go.Common.csproj", "{9F122F2C-4B25-4D5D-923B-C8C27636AE08}"
EndProject
Global
	GlobalSection(SolutionConfigurationPlatforms) = preSolution
		Debug|Any CPU = Debug|Any CPU
		Release|Any CPU = Release|Any CPU
	EndGlobalSection
	GlobalSection(ProjectConfigurationPlatforms) = postSolution
		{C268F06E-C950-4178-AD44-081AB12C0459}.Debug|Any CPU.ActiveCfg = Debug|Any CPU
		{C268F06E-C950-4178-AD44-081AB12C0459}.Debug|Any CPU.Build.0 = Debug|Any CPU
		{C268F06E-C950-4178-AD44-081AB12C0459}.Release|Any CPU.ActiveCfg = Release|Any CPU
		{C268F06E-C950-4178-AD44-081AB12C0459}.Release|Any CPU.Build.0 = Release|Any CPU
		{6F4EB704-DDFA-402C-9145-AE8A44076B38}.Debug|Any CPU.ActiveCfg = Debug|Any CPU
		{6F4EB704-DDFA-402C-9145-AE8A44076B38}.Debug|Any CPU.Build.0 = Debug|Any CPU
		{6F4EB704-DDFA-402C-9145-AE8A44076B38}.Release|Any CPU.ActiveCfg = Release|Any CPU
		{6F4EB704-DDFA-402C-9145-AE8A44076B38}.Release|Any CPU.Build.0 = Release|Any CPU
		{9F122F2C-4B25-4D5D-923B-C8C27636AE08}.Debug|Any CPU.ActiveCfg = Debug|Any CPU
		{9F122F2C-4B25-4D5D-923B-C8C27636AE08}.Debug|Any CPU.Build.0 = Debug|Any CPU
		{9F122F2C-4B25-4D5D-923B-C8C27636AE08}.Release|Any CPU.ActiveCfg = Release|Any CPU
		{9F122F2C-4B25-4D5D-923B-C8C27636AE08}.Release|Any CPU.Build.0 = Release|Any CPU
	EndGlobalSection
	GlobalSection(SolutionProperties) = preSolution
		HideSolutionNode = FALSE
	EndGlobalSection
	GlobalSection(ExtensibilityGlobals) = postSolution
		SolutionGuid = {01F01725-0B78-4BC0-9C4A-48EAA51C6BAF}
	EndGlobalSection
EndGlobal
